
Microsoft Visual Studio Solution File, Format Version 12.00
# Visual Studio Version 17
VisualStudioVersion = 17.11.35222.181
MinimumVisualStudioVersion = 10.0.40219.1
Project("{9A19103F-16F7-4668-BE54-9A1E7A4F7556}") = "TilbudsAvisLibrary", "TilbudsAvisLibrary\TilbudsAvisLibrary.csproj", "{889B5AFD-CD49-480A-B8B9-E3C98562BA50}"
EndProject
Project("{9A19103F-16F7-4668-BE54-9A1E7A4F7556}") = "ScraperLibrary", "ScraperLibrary\ScraperLibrary.csproj", "{8EC6BCBA-3ABD-475A-998B-8143D3C23852}"
EndProject
Project("{9A19103F-16F7-4668-BE54-9A1E7A4F7556}") = "TIlbudsAvisScraperAPI", "TIlbudsAvisScraperAPI\TIlbudsAvisScraperAPI.csproj", "{C6F168A4-D7DB-4C57-9034-FCE11D7034EE}"
EndProject
Project("{9A19103F-16F7-4668-BE54-9A1E7A4F7556}") = "DAL", "DAL\DAL.csproj", "{D14C592F-B573-407A-89F0-F0A409DDB1AD}"
EndProject
Project("{9A19103F-16F7-4668-BE54-9A1E7A4F7556}") = "TilbudsAvisWeb", "TilbudsAvisWeb\TilbudsAvisWeb.csproj", "{43C36D86-402F-4DAA-8C00-E0F1FBB4ADF9}"
EndProject
Project("{9A19103F-16F7-4668-BE54-9A1E7A4F7556}") = "TestNUnit", "TestNUnit\TestNUnit.csproj", "{EA75FB88-05CF-45C3-BB57-E4B9A0C81604}"
EndProject
Project("{9A19103F-16F7-4668-BE54-9A1E7A4F7556}") = "DesktopApplication", "DesktopApplication\DesktopApplication.csproj", "{4E72A440-2133-4368-A3C5-F405B965BD0F}"
EndProject
Project("{FAE04EC0-301F-11D3-BF4B-00C04F79EFBC}") = "APIIntegrationLibrary", "APIIntegrationLibrary\APIIntegrationLibrary.csproj", "{E6D9D2C8-A071-45A8-984B-88AEB3443D62}"
EndProject
Global
	GlobalSection(SolutionConfigurationPlatforms) = preSolution
		Debug|Any CPU = Debug|Any CPU
		Release|Any CPU = Release|Any CPU
	EndGlobalSection
	GlobalSection(ProjectConfigurationPlatforms) = postSolution
		{889B5AFD-CD49-480A-B8B9-E3C98562BA50}.Debug|Any CPU.ActiveCfg = Debug|Any CPU
		{889B5AFD-CD49-480A-B8B9-E3C98562BA50}.Debug|Any CPU.Build.0 = Debug|Any CPU
		{889B5AFD-CD49-480A-B8B9-E3C98562BA50}.Release|Any CPU.ActiveCfg = Release|Any CPU
		{889B5AFD-CD49-480A-B8B9-E3C98562BA50}.Release|Any CPU.Build.0 = Release|Any CPU
		{8EC6BCBA-3ABD-475A-998B-8143D3C23852}.Debug|Any CPU.ActiveCfg = Debug|Any CPU
		{8EC6BCBA-3ABD-475A-998B-8143D3C23852}.Debug|Any CPU.Build.0 = Debug|Any CPU
		{8EC6BCBA-3ABD-475A-998B-8143D3C23852}.Release|Any CPU.ActiveCfg = Release|Any CPU
		{8EC6BCBA-3ABD-475A-998B-8143D3C23852}.Release|Any CPU.Build.0 = Release|Any CPU
		{C6F168A4-D7DB-4C57-9034-FCE11D7034EE}.Debug|Any CPU.ActiveCfg = Debug|Any CPU
		{C6F168A4-D7DB-4C57-9034-FCE11D7034EE}.Debug|Any CPU.Build.0 = Debug|Any CPU
		{C6F168A4-D7DB-4C57-9034-FCE11D7034EE}.Release|Any CPU.ActiveCfg = Release|Any CPU
		{C6F168A4-D7DB-4C57-9034-FCE11D7034EE}.Release|Any CPU.Build.0 = Release|Any CPU
		{D14C592F-B573-407A-89F0-F0A409DDB1AD}.Debug|Any CPU.ActiveCfg = Debug|Any CPU
		{D14C592F-B573-407A-89F0-F0A409DDB1AD}.Debug|Any CPU.Build.0 = Debug|Any CPU
		{D14C592F-B573-407A-89F0-F0A409DDB1AD}.Release|Any CPU.ActiveCfg = Release|Any CPU
		{D14C592F-B573-407A-89F0-F0A409DDB1AD}.Release|Any CPU.Build.0 = Release|Any CPU
		{43C36D86-402F-4DAA-8C00-E0F1FBB4ADF9}.Debug|Any CPU.ActiveCfg = Debug|Any CPU
		{43C36D86-402F-4DAA-8C00-E0F1FBB4ADF9}.Debug|Any CPU.Build.0 = Debug|Any CPU
		{43C36D86-402F-4DAA-8C00-E0F1FBB4ADF9}.Release|Any CPU.ActiveCfg = Release|Any CPU
		{43C36D86-402F-4DAA-8C00-E0F1FBB4ADF9}.Release|Any CPU.Build.0 = Release|Any CPU
		{EA75FB88-05CF-45C3-BB57-E4B9A0C81604}.Debug|Any CPU.ActiveCfg = Debug|Any CPU
		{EA75FB88-05CF-45C3-BB57-E4B9A0C81604}.Debug|Any CPU.Build.0 = Debug|Any CPU
		{EA75FB88-05CF-45C3-BB57-E4B9A0C81604}.Release|Any CPU.ActiveCfg = Release|Any CPU
		{EA75FB88-05CF-45C3-BB57-E4B9A0C81604}.Release|Any CPU.Build.0 = Release|Any CPU
		{4E72A440-2133-4368-A3C5-F405B965BD0F}.Debug|Any CPU.ActiveCfg = Debug|Any CPU
		{4E72A440-2133-4368-A3C5-F405B965BD0F}.Debug|Any CPU.Build.0 = Debug|Any CPU
		{4E72A440-2133-4368-A3C5-F405B965BD0F}.Release|Any CPU.ActiveCfg = Release|Any CPU
		{4E72A440-2133-4368-A3C5-F405B965BD0F}.Release|Any CPU.Build.0 = Release|Any CPU
		{E6D9D2C8-A071-45A8-984B-88AEB3443D62}.Debug|Any CPU.ActiveCfg = Debug|Any CPU
		{E6D9D2C8-A071-45A8-984B-88AEB3443D62}.Debug|Any CPU.Build.0 = Debug|Any CPU
		{E6D9D2C8-A071-45A8-984B-88AEB3443D62}.Release|Any CPU.ActiveCfg = Release|Any CPU
		{E6D9D2C8-A071-45A8-984B-88AEB3443D62}.Release|Any CPU.Build.0 = Release|Any CPU
	EndGlobalSection
	GlobalSection(SolutionProperties) = preSolution
		HideSolutionNode = FALSE
	EndGlobalSection
	GlobalSection(ExtensibilityGlobals) = postSolution
		SolutionGuid = {F2E9EA18-7AF9-4609-8C95-CA194BBA84D4}
	EndGlobalSection
EndGlobal
